
Microsoft Visual Studio Solution File, Format Version 12.00
# Visual Studio Version 17
VisualStudioVersion = 17.6.33815.320
MinimumVisualStudioVersion = 10.0.40219.1
Project("{FAE04EC0-301F-11D3-BF4B-00C04F79EFBC}") = "ConApp_Assignment-20", "ConApp_Assignment-20.csproj", "{9FC55F55-8FAB-4B78-87EB-E76E7481C69E}"
EndProject
Global
	GlobalSection(SolutionConfigurationPlatforms) = preSolution
		Debug|Any CPU = Debug|Any CPU
		Release|Any CPU = Release|Any CPU
	EndGlobalSection
	GlobalSection(ProjectConfigurationPlatforms) = postSolution
		{9FC55F55-8FAB-4B78-87EB-E76E7481C69E}.Debug|Any CPU.ActiveCfg = Debug|Any CPU
		{9FC55F55-8FAB-4B78-87EB-E76E7481C69E}.Debug|Any CPU.Build.0 = Debug|Any CPU
		{9FC55F55-8FAB-4B78-87EB-E76E7481C69E}.Release|Any CPU.ActiveCfg = Release|Any CPU
		{9FC55F55-8FAB-4B78-87EB-E76E7481C69E}.Release|Any CPU.Build.0 = Release|Any CPU
	EndGlobalSection
	GlobalSection(SolutionProperties) = preSolution
		HideSolutionNode = FALSE
	EndGlobalSection
	GlobalSection(ExtensibilityGlobals) = postSolution
		SolutionGuid = {52F5CCB4-859E-4CD8-B3B8-D252DFA64935}
	EndGlobalSection
EndGlobal
